
Microsoft Visual Studio Solution File, Format Version 12.00
# Visual Studio Version 17
VisualStudioVersion = 17.5.33516.290
MinimumVisualStudioVersion = 10.0.40219.1
Project("{FAE04EC0-301F-11D3-BF4B-00C04F79EFBC}") = "Inheritance", "Inheritance\Inheritance.csproj", "{D1F4727E-59A6-4D41-B826-1DE605C1D0CE}"
EndProject
Global
	GlobalSection(SolutionConfigurationPlatforms) = preSolution
		Debug|Any CPU = Debug|Any CPU
		Release|Any CPU = Release|Any CPU
	EndGlobalSection
	GlobalSection(ProjectConfigurationPlatforms) = postSolution
		{D1F4727E-59A6-4D41-B826-1DE605C1D0CE}.Debug|Any CPU.ActiveCfg = Debug|Any CPU
		{D1F4727E-59A6-4D41-B826-1DE605C1D0CE}.Debug|Any CPU.Build.0 = Debug|Any CPU
		{D1F4727E-59A6-4D41-B826-1DE605C1D0CE}.Release|Any CPU.ActiveCfg = Release|Any CPU
		{D1F4727E-59A6-4D41-B826-1DE605C1D0CE}.Release|Any CPU.Build.0 = Release|Any CPU
	EndGlobalSection
	GlobalSection(SolutionProperties) = preSolution
		HideSolutionNode = FALSE
	EndGlobalSection
	GlobalSection(ExtensibilityGlobals) = postSolution
		SolutionGuid = {CCD24D6D-4FD0-4132-9260-CAD65CBB83AF}
	EndGlobalSection
EndGlobal
